{
    "_readme": [
        "This file locks the dependencies of your project to a known state",
        "Read more about it at https://getcomposer.org/doc/01-basic-usage.md#composer-lock-the-lock-file",
        "This file is @generated automatically"
    ],
    "hash": "c814b17dee67f97342870063d15730d9",
    "content-hash": "ef9fcb85bbf12a75e7802b78ac50b76f",
    "packages": [
        {
            "name": "yuandalu/framework",
            "version": "0.1.5",
            "source": {
                "type": "git",
                "url": "https://github.com/yuandalu/framework.git",
                "reference": "ae50a3ea13f086a1fab5046f978e8c36d3ea4445"
            },
            "dist": {
                "type": "zip",
                "url": "https://api.github.com/repos/yuandalu/framework/zipball/ae50a3ea13f086a1fab5046f978e8c36d3ea4445",
                "reference": "ae50a3ea13f086a1fab5046f978e8c36d3ea4445",
                "shasum": ""
            },
            "require": {
                "php": ">=5.4.0"
            },
            "type": "library",
            "autoload": {
                "psr-4": {
                    "Elephant\\": "src/Elephant/"
                }
            },
            "license": [
                "MIT"
            ],
            "authors": [
                {
                    "name": "DDJ",
                    "email": "dingdejing@gmail.com"
                }
            ],
            "description": "The Cframe Framework.",
            "homepage": "http://cframe.yuandalu.com",
            "keywords": [
                "Cframe",
                "framework"
            ],
            "support": {
                "issues": "https://github.com/yuandalu/framework/issues",
                "source": "https://github.com/yuandalu/framework"
            },
            "time": "2016-04-13 09:11:07"
        }
    ],
    "packages-dev": [],
    "aliases": [],
    "minimum-stability": "stable",
    "stability-flags": [],
    "prefer-stable": false,
    "prefer-lowest": false,
    "platform": {
        "php": ">=5.4.0"
    },
    "platform-dev": []
}
